GEM
  remote: https://rubygems.org/
  specs:
    base64 (0.3.0)
    bigdecimal (4.0.1)
    google-protobuf (4.33.5-x64-mingw-ucrt)
      bigdecimal
      rake (>= 13)
    nio4r (2.7.5)
    puma (7.2.0)
      nio4r (~> 2.0)
    rack (3.2.5)
    rack-session (2.1.1)
      base64 (>= 0.1.0)
      rack (>= 3.0.0)
    rackup (2.3.1)
      rack (>= 3)
    rake (13.3.1)
    roda (3.101.0)
      rack
    sass-embedded (1.97.3-x64-mingw-ucrt)
      google-protobuf (~> 4.31)
    sequel (5.101.0)
      bigdecimal
    slim (5.2.1)
      temple (~> 0.10.0)
      tilt (>= 2.1.0)
    sqlite3 (2.9.0-x64-mingw-ucrt)
    temple (0.10.4)
    tilt (2.7.0)

PLATFORMS
  x64-mingw-ucrt

DEPENDENCIES
  puma
  rack-session
  rackup
  roda
  sass-embedded
  sequel
  slim
  sqlite3

CHECKSUMS
  base64 (0.3.0) sha256=27337aeabad6ffae05c265c450490628ef3ebd4b67be58257393227588f5a97b
  bigdecimal (4.0.1) sha256=8b07d3d065a9f921c80ceaea7c9d4ae596697295b584c296fe599dd0ad01c4a7
  google-protobuf (4.33.5-x64-mingw-ucrt) sha256=2286e8fd91dff6a161c45b66ad2a1a46e9a5eefb2496c68636b31d6e80eb5820
  nio4r (2.7.5) sha256=6c90168e48fb5f8e768419c93abb94ba2b892a1d0602cb06eef16d8b7df1dca1
  puma (7.2.0) sha256=bf8ef4ab514a4e6d4554cb4326b2004eba5036ae05cf765cfe51aba9706a72a8
  rack (3.2.5) sha256=4cbd0974c0b79f7a139b4812004a62e4c60b145cba76422e288ee670601ed6d3
  rack-session (2.1.1) sha256=0b6dc07dea7e4b583f58a48e8b806d4c9f1c6c9214ebc202ec94562cbea2e4e9
  rackup (2.3.1) sha256=6c79c26753778e90983761d677a48937ee3192b3ffef6bc963c0950f94688868
  rake (13.3.1) sha256=8c9e89d09f66a26a01264e7e3480ec0607f0c497a861ef16063604b1b08eb19c
  roda (3.101.0) sha256=07b13bb5fbb8f606c17f8c21ae4897f629e59cb6f398665da6666920efd39843
  sass-embedded (1.97.3-x64-mingw-ucrt) sha256=72994dcfacc0559789a3624c78c5fa66962379bb8d8c0d6dea85906c5b6e66ee
  sequel (5.101.0) sha256=d2ae3fd997a7c4572e8357918e777869faf90dc19310fcd6332747122aed2b29
  slim (5.2.1) sha256=72351dff7e2ff20e2d5c393cfc385bb9142cef5db059141628fd7163ac3c13e7
  sqlite3 (2.9.0-x64-mingw-ucrt) sha256=677333ebf8f496f7ffe89bf1e5f8c5331ffe83249228cb262cd896ce8d383da6
  temple (0.10.4) sha256=b7a1e94b6f09038ab0b6e4fe0126996055da2c38bec53a8a336f075748fff72c
  tilt (2.7.0) sha256=0d5b9ba69f6a36490c64b0eee9f6e9aad517e20dcc848800a06eb116f08c6ab3

BUNDLED WITH
  4.0.6
